
Microsoft Visual Studio Solution File, Format Version 12.00
# Visual Studio 15
VisualStudioVersion = 15.0.28307.168
MinimumVisualStudioVersion = 10.0.40219.1
Project("{FAE04EC0-301F-11D3-BF4B-00C04F79EFBC}") = "association", "association\association.csproj", "{CC79116E-07AF-4024-ACBC-3DC9DE139CC3}"
EndProject
Global
	GlobalSection(SolutionConfigurationPlatforms) = preSolution
		Debug|Any CPU = Debug|Any CPU
		Release|Any CPU = Release|Any CPU
	EndGlobalSection
	GlobalSection(ProjectConfigurationPlatforms) = postSolution
		{CC79116E-07AF-4024-ACBC-3DC9DE139CC3}.Debug|Any CPU.ActiveCfg = Debug|Any CPU
		{CC79116E-07AF-4024-ACBC-3DC9DE139CC3}.Debug|Any CPU.Build.0 = Debug|Any CPU
		{CC79116E-07AF-4024-ACBC-3DC9DE139CC3}.Release|Any CPU.ActiveCfg = Release|Any CPU
		{CC79116E-07AF-4024-ACBC-3DC9DE139CC3}.Release|Any CPU.Build.0 = Release|Any CPU
	EndGlobalSection
	GlobalSection(SolutionProperties) = preSolution
		HideSolutionNode = FALSE
	EndGlobalSection
	GlobalSection(ExtensibilityGlobals) = postSolution
		SolutionGuid = {AD74E286-CC91-47FB-AEB0-36B0554175F7}
	EndGlobalSection
EndGlobal
